
Microsoft Visual Studio Solution File, Format Version 12.00
# Visual Studio Version 16
VisualStudioVersion = 16.0.29102.190
MinimumVisualStudioVersion = 10.0.40219.1
Project("{FAE04EC0-301F-11D3-BF4B-00C04F79EFBC}") = "WebApplication3", "WebApplication3\WebApplication3.csproj", "{DA45105D-B9A1-4DA8-B33D-5E7E7FF9E342}"
EndProject
Global
	GlobalSection(SolutionConfigurationPlatforms) = preSolution
		Debug|Any CPU = Debug|Any CPU
		Release|Any CPU = Release|Any CPU
	EndGlobalSection
	GlobalSection(ProjectConfigurationPlatforms) = postSolution
		{DA45105D-B9A1-4DA8-B33D-5E7E7FF9E342}.Debug|Any CPU.ActiveCfg = Debug|Any CPU
		{DA45105D-B9A1-4DA8-B33D-5E7E7FF9E342}.Debug|Any CPU.Build.0 = Debug|Any CPU
		{DA45105D-B9A1-4DA8-B33D-5E7E7FF9E342}.Release|Any CPU.ActiveCfg = Release|Any CPU
		{DA45105D-B9A1-4DA8-B33D-5E7E7FF9E342}.Release|Any CPU.Build.0 = Release|Any CPU
	EndGlobalSection
	GlobalSection(SolutionProperties) = preSolution
		HideSolutionNode = FALSE
	EndGlobalSection
	GlobalSection(ExtensibilityGlobals) = postSolution
		SolutionGuid = {6C8AF533-00FD-46CA-BD0D-50D304AD12F0}
	EndGlobalSection
EndGlobal
